// !$*UTF8*$!
{
	archiveVersion = 1;
	classes = {
	};
	objectVersion = 46;
	objects = {

/* Begin PBXBuildFile section */
		6EBC3C2B1ABA7946002032B2 /* main.m in Sources */ = {isa = PBXBuildFile; fileRef = 6EBC3C2A1ABA7946002032B2 /* main.m */; };
		6EBC3C2E1ABA7946002032B2 /* AppDelegate.m in Sources */ = {isa = PBXBuildFile; fileRef = 6EBC3C2D1ABA7946002032B2 /* AppDelegate.m */; };
		6EBC3C451ABA7946002032B2 /* PhotoTableViewTests.m in Sources */ = {isa = PBXBuildFile; fileRef = 6EBC3C441ABA7946002032B2 /* PhotoTableViewTests.m */; };
		6EBC3CAC1ABA8C37002032B2 /* TLBOnlyContainerViewController.m in Sources */ = {isa = PBXBuildFile; fileRef = 6EBC3C7A1ABA8C37002032B2 /* TLBOnlyContainerViewController.m */; };
		6EBC3CAD1ABA8C37002032B2 /* TLBOnlyContainerViewController.xib in Resources */ = {isa = PBXBuildFile; fileRef = 6EBC3C7B1ABA8C37002032B2 /* TLBOnlyContainerViewController.xib */; };
		6EBC3CAE1ABA8C37002032B2 /* TLBNavigationController.m in Sources */ = {isa = PBXBuildFile; fileRef = 6EBC3C7D1ABA8C37002032B2 /* TLBNavigationController.m */; };
		6EBC3CAF1ABA8C37002032B2 /* TLBSelectValueViewController.m in Sources */ = {isa = PBXBuildFile; fileRef = 6EBC3C7F1ABA8C37002032B2 /* TLBSelectValueViewController.m */; };
		6EBC3CB01ABA8C37002032B2 /* TLBViewController.m in Sources */ = {isa = PBXBuildFile; fileRef = 6EBC3C811ABA8C37002032B2 /* TLBViewController.m */; };
		6EBC3CB11ABA8C37002032B2 /* TLBCollectionListViewController.m in Sources */ = {isa = PBXBuildFile; fileRef = 6EBC3C861ABA8C37002032B2 /* TLBCollectionListViewController.m */; };
		6EBC3CB21ABA8C37002032B2 /* TLBSearchViewController.m in Sources */ = {isa = PBXBuildFile; fileRef = 6EBC3C881ABA8C37002032B2 /* TLBSearchViewController.m */; };
		6EBC3CB31ABA8C37002032B2 /* TLBSearchListBaseViewController.m in Sources */ = {isa = PBXBuildFile; fileRef = 6EBC3C8B1ABA8C37002032B2 /* TLBSearchListBaseViewController.m */; };
		6EBC3CB61ABA8C37002032B2 /* TLBCollectionListViewCell.m in Sources */ = {isa = PBXBuildFile; fileRef = 6EBC3C9C1ABA8C37002032B2 /* TLBCollectionListViewCell.m */; };
		6EBC3CB71ABA8C37002032B2 /* TLBThumbnailTableCell.m in Sources */ = {isa = PBXBuildFile; fileRef = 6EBC3CA01ABA8C37002032B2 /* TLBThumbnailTableCell.m */; };
		6EBC3CB81ABA8C37002032B2 /* TLBThumbnailTableCell.xib in Resources */ = {isa = PBXBuildFile; fileRef = 6EBC3CA11ABA8C37002032B2 /* TLBThumbnailTableCell.xib */; };
		6EBC3CB91ABA8C37002032B2 /* TLBCollectionViewCellBigView.m in Sources */ = {isa = PBXBuildFile; fileRef = 6EBC3CA51ABA8C37002032B2 /* TLBCollectionViewCellBigView.m */; };
		6EBC3CBA1ABA8C37002032B2 /* TLBCollectionViewCellBigView.xib in Resources */ = {isa = PBXBuildFile; fileRef = 6EBC3CA61ABA8C37002032B2 /* TLBCollectionViewCellBigView.xib */; };
		6EBC3CBB1ABA8C37002032B2 /* TLBCollectionViewCellMiniView.m in Sources */ = {isa = PBXBuildFile; fileRef = 6EBC3CA81ABA8C37002032B2 /* TLBCollectionViewCellMiniView.m */; };
		6EBC3CBC1ABA8C37002032B2 /* TLBCollectionViewCellMiniView.xib in Resources */ = {isa = PBXBuildFile; fileRef = 6EBC3CA91ABA8C37002032B2 /* TLBCollectionViewCellMiniView.xib */; };
		6EBC3CBD1ABA8C37002032B2 /* TLBOnlyPageView.m in Sources */ = {isa = PBXBuildFile; fileRef = 6EBC3CAB1ABA8C37002032B2 /* TLBOnlyPageView.m */; };
		6EBC3CC01ABA8C49002032B2 /* TabSearch.storyboard in Resources */ = {isa = PBXBuildFile; fileRef = 6EBC3CBF1ABA8C49002032B2 /* TabSearch.storyboard */; };
		6EBC3CE31ABA8CAE002032B2 /* Images.xcassets in Resources */ = {isa = PBXBuildFile; fileRef = 6EBC3CC41ABA8CAE002032B2 /* Images.xcassets */; };
		6EBC3CE41ABA8CAE002032B2 /* alcohol.plist in Resources */ = {isa = PBXBuildFile; fileRef = 6EBC3CC61ABA8CAE002032B2 /* alcohol.plist */; };
		6EBC3CE51ABA8CAE002032B2 /* annualIncome.plist in Resources */ = {isa = PBXBuildFile; fileRef = 6EBC3CC71ABA8CAE002032B2 /* annualIncome.plist */; };
		6EBC3CE61ABA8CAE002032B2 /* bloodType.plist in Resources */ = {isa = PBXBuildFile; fileRef = 6EBC3CC81ABA8CAE002032B2 /* bloodType.plist */; };
		6EBC3CE71ABA8CAE002032B2 /* bodyType.plist in Resources */ = {isa = PBXBuildFile; fileRef = 6EBC3CC91ABA8CAE002032B2 /* bodyType.plist */; };
		6EBC3CE81ABA8CAE002032B2 /* charm.plist in Resources */ = {isa = PBXBuildFile; fileRef = 6EBC3CCA1ABA8CAE002032B2 /* charm.plist */; };
		6EBC3CE91ABA8CAE002032B2 /* children.plist in Resources */ = {isa = PBXBuildFile; fileRef = 6EBC3CCB1ABA8CAE002032B2 /* children.plist */; };
		6EBC3CEA1ABA8CAE002032B2 /* dateCost.plist in Resources */ = {isa = PBXBuildFile; fileRef = 6EBC3CCC1ABA8CAE002032B2 /* dateCost.plist */; };
		6EBC3CEB1ABA8CAE002032B2 /* education.plist in Resources */ = {isa = PBXBuildFile; fileRef = 6EBC3CCD1ABA8CAE002032B2 /* education.plist */; };
		6EBC3CEC1ABA8CAE002032B2 /* educationStatus.plist in Resources */ = {isa = PBXBuildFile; fileRef = 6EBC3CCE1ABA8CAE002032B2 /* educationStatus.plist */; };
		6EBC3CED1ABA8CAE002032B2 /* encounter.plist in Resources */ = {isa = PBXBuildFile; fileRef = 6EBC3CCF1ABA8CAE002032B2 /* encounter.plist */; };
		6EBC3CEE1ABA8CAE002032B2 /* encounterPair.plist in Resources */ = {isa = PBXBuildFile; fileRef = 6EBC3CD01ABA8CAE002032B2 /* encounterPair.plist */; };
		6EBC3CEF1ABA8CAE002032B2 /* gender.plist in Resources */ = {isa = PBXBuildFile; fileRef = 6EBC3CD11ABA8CAE002032B2 /* gender.plist */; };
		6EBC3CF01ABA8CAE002032B2 /* holiday.plist in Resources */ = {isa = PBXBuildFile; fileRef = 6EBC3CD21ABA8CAE002032B2 /* holiday.plist */; };
		6EBC3CF11ABA8CAE002032B2 /* housemate.plist in Resources */ = {isa = PBXBuildFile; fileRef = 6EBC3CD31ABA8CAE002032B2 /* housemate.plist */; };
		6EBC3CF21ABA8CAE002032B2 /* job.plist in Resources */ = {isa = PBXBuildFile; fileRef = 6EBC3CD41ABA8CAE002032B2 /* job.plist */; };
		6EBC3CF31ABA8CAE002032B2 /* loginStatus.plist in Resources */ = {isa = PBXBuildFile; fileRef = 6EBC3CD51ABA8CAE002032B2 /* loginStatus.plist */; };
		6EBC3CF41ABA8CAE002032B2 /* maritalHistory.plist in Resources */ = {isa = PBXBuildFile; fileRef = 6EBC3CD61ABA8CAE002032B2 /* maritalHistory.plist */; };
		6EBC3CF51ABA8CAE002032B2 /* marriageTime.plist in Resources */ = {isa = PBXBuildFile; fileRef = 6EBC3CD71ABA8CAE002032B2 /* marriageTime.plist */; };
		6EBC3CF61ABA8CAE002032B2 /* personality.plist in Resources */ = {isa = PBXBuildFile; fileRef = 6EBC3CD81ABA8CAE002032B2 /* personality.plist */; };
		6EBC3CF71ABA8CAE002032B2 /* prefecture.plist in Resources */ = {isa = PBXBuildFile; fileRef = 6EBC3CD91ABA8CAE002032B2 /* prefecture.plist */; };
		6EBC3CF81ABA8CAE002032B2 /* rerationship.plist in Resources */ = {isa = PBXBuildFile; fileRef = 6EBC3CDA1ABA8CAE002032B2 /* rerationship.plist */; };
		6EBC3CF91ABA8CAE002032B2 /* SelfIntroduction.plist in Resources */ = {isa = PBXBuildFile; fileRef = 6EBC3CDB1ABA8CAE002032B2 /* SelfIntroduction.plist */; };
		6EBC3CFA1ABA8CAE002032B2 /* selfIntroductionKeepButton.plist in Resources */ = {isa = PBXBuildFile; fileRef = 6EBC3CDC1ABA8CAE002032B2 /* selfIntroductionKeepButton.plist */; };
		6EBC3CFB1ABA8CAE002032B2 /* sibling.plist in Resources */ = {isa = PBXBuildFile; fileRef = 6EBC3CDD1ABA8CAE002032B2 /* sibling.plist */; };
		6EBC3CFC1ABA8CAE002032B2 /* smoking.plist in Resources */ = {isa = PBXBuildFile; fileRef = 6EBC3CDE1ABA8CAE002032B2 /* smoking.plist */; };
		6EBC3CFD1ABA8CAE002032B2 /* sociability.plist in Resources */ = {isa = PBXBuildFile; fileRef = 6EBC3CDF1ABA8CAE002032B2 /* sociability.plist */; };
		6EBC3CFE1ABA8CAE002032B2 /* topPriority.plist in Resources */ = {isa = PBXBuildFile; fileRef = 6EBC3CE01ABA8CAE002032B2 /* topPriority.plist */; };
		6EBC3CFF1ABA8CAE002032B2 /* violationCode.plist in Resources */ = {isa = PBXBuildFile; fileRef = 6EBC3CE11ABA8CAE002032B2 /* violationCode.plist */; };
		6EBC3D001ABA8CAE002032B2 /* violationPoint.plist in Resources */ = {isa = PBXBuildFile; fileRef = 6EBC3CE21ABA8CAE002032B2 /* violationPoint.plist */; };
/* End PBXBuildFile section */

/* Begin PBXContainerItemProxy section */
		6EBC3C3F1ABA7946002032B2 /* PBXContainerItemProxy */ = {
			isa = PBXContainerItemProxy;
			containerPortal = 6EBC3C1D1ABA7946002032B2 /* Project object */;
			proxyType = 1;
			remoteGlobalIDString = 6EBC3C241ABA7946002032B2;
			remoteInfo = PhotoTableView;
		};
/* End PBXContainerItemProxy section */

/* Begin PBXFileReference section */
		6EBC3C251ABA7946002032B2 /* PhotoTableView.app */ = {isa = PBXFileReference; explicitFileType = wrapper.application; includeInIndex = 0; path = PhotoTableView.app; sourceTree = BUILT_PRODUCTS_DIR; };
		6EBC3C291ABA7946002032B2 /* Info.plist */ = {isa = PBXFileReference; lastKnownFileType = text.plist.xml; path = Info.plist; sourceTree = "<group>"; };
		6EBC3C2A1ABA7946002032B2 /* main.m */ = {isa = PBXFileReference; lastKnownFileType = sourcecode.c.objc; path = main.m; sourceTree = "<group>"; };
		6EBC3C2C1ABA7946002032B2 /* AppDelegate.h */ = {isa = PBXFileReference; lastKnownFileType = sourcecode.c.h; path = AppDelegate.h; sourceTree = "<group>"; };
		6EBC3C2D1ABA7946002032B2 /* AppDelegate.m */ = {isa = PBXFileReference; lastKnownFileType = sourcecode.c.objc; path = AppDelegate.m; sourceTree = "<group>"; };
		6EBC3C3E1ABA7946002032B2 /* PhotoTableViewTests.xctest */ = {isa = PBXFileReference; explicitFileType = wrapper.cfbundle; includeInIndex = 0; path = PhotoTableViewTests.xctest; sourceTree = BUILT_PRODUCTS_DIR; };
		6EBC3C431ABA7946002032B2 /* Info.plist */ = {isa = PBXFileReference; lastKnownFileType = text.plist.xml; path = Info.plist; sourceTree = "<group>"; };
		6EBC3C441ABA7946002032B2 /* PhotoTableViewTests.m */ = {isa = PBXFileReference; lastKnownFileType = sourcecode.c.objc; path = PhotoTableViewTests.m; sourceTree = "<group>"; };
		6EBC3C731ABA8C37002032B2 /* TLBTableViewConst.h */ = {isa = PBXFileReference; fileEncoding = 4; lastKnownFileType = sourcecode.c.h; path = TLBTableViewConst.h; sourceTree = "<group>"; };
		6EBC3C791ABA8C37002032B2 /* TLBOnlyContainerViewController.h */ = {isa = PBXFileReference; fileEncoding = 4; lastKnownFileType = sourcecode.c.h; path = TLBOnlyContainerViewController.h; sourceTree = "<group>"; };
		6EBC3C7A1ABA8C37002032B2 /* TLBOnlyContainerViewController.m */ = {isa = PBXFileReference; fileEncoding = 4; lastKnownFileType = sourcecode.c.objc; path = TLBOnlyContainerViewController.m; sourceTree = "<group>"; };
		6EBC3C7B1ABA8C37002032B2 /* TLBOnlyContainerViewController.xib */ = {isa = PBXFileReference; fileEncoding = 4; lastKnownFileType = file.xib; path = TLBOnlyContainerViewController.xib; sourceTree = "<group>"; };
		6EBC3C7C1ABA8C37002032B2 /* TLBNavigationController.h */ = {isa = PBXFileReference; fileEncoding = 4; lastKnownFileType = sourcecode.c.h; path = TLBNavigationController.h; sourceTree = "<group>"; };
		6EBC3C7D1ABA8C37002032B2 /* TLBNavigationController.m */ = {isa = PBXFileReference; fileEncoding = 4; lastKnownFileType = sourcecode.c.objc; path = TLBNavigationController.m; sourceTree = "<group>"; };
		6EBC3C7E1ABA8C37002032B2 /* TLBSelectValueViewController.h */ = {isa = PBXFileReference; fileEncoding = 4; lastKnownFileType = sourcecode.c.h; path = TLBSelectValueViewController.h; sourceTree = "<group>"; };
		6EBC3C7F1ABA8C37002032B2 /* TLBSelectValueViewController.m */ = {isa = PBXFileReference; fileEncoding = 4; lastKnownFileType = sourcecode.c.objc; path = TLBSelectValueViewController.m; sourceTree = "<group>"; };
		6EBC3C801ABA8C37002032B2 /* TLBViewController.h */ = {isa = PBXFileReference; fileEncoding = 4; lastKnownFileType = sourcecode.c.h; path = TLBViewController.h; sourceTree = "<group>"; };
		6EBC3C811ABA8C37002032B2 /* TLBViewController.m */ = {isa = PBXFileReference; fileEncoding = 4; lastKnownFileType = sourcecode.c.objc; path = TLBViewController.m; sourceTree = "<group>"; };
		6EBC3C851ABA8C37002032B2 /* TLBCollectionListViewController.h */ = {isa = PBXFileReference; fileEncoding = 4; lastKnownFileType = sourcecode.c.h; path = TLBCollectionListViewController.h; sourceTree = "<group>"; };
		6EBC3C861ABA8C37002032B2 /* TLBCollectionListViewController.m */ = {isa = PBXFileReference; fileEncoding = 4; lastKnownFileType = sourcecode.c.objc; path = TLBCollectionListViewController.m; sourceTree = "<group>"; };
		6EBC3C871ABA8C37002032B2 /* TLBSearchViewController.h */ = {isa = PBXFileReference; fileEncoding = 4; lastKnownFileType = sourcecode.c.h; path = TLBSearchViewController.h; sourceTree = "<group>"; };
		6EBC3C881ABA8C37002032B2 /* TLBSearchViewController.m */ = {isa = PBXFileReference; fileEncoding = 4; lastKnownFileType = sourcecode.c.objc; path = TLBSearchViewController.m; sourceTree = "<group>"; };
		6EBC3C8A1ABA8C37002032B2 /* TLBSearchListBaseViewController.h */ = {isa = PBXFileReference; fileEncoding = 4; lastKnownFileType = sourcecode.c.h; path = TLBSearchListBaseViewController.h; sourceTree = "<group>"; };
		6EBC3C8B1ABA8C37002032B2 /* TLBSearchListBaseViewController.m */ = {isa = PBXFileReference; fileEncoding = 4; lastKnownFileType = sourcecode.c.objc; path = TLBSearchListBaseViewController.m; sourceTree = "<group>"; };
		6EBC3C9B1ABA8C37002032B2 /* TLBCollectionListViewCell.h */ = {isa = PBXFileReference; fileEncoding = 4; lastKnownFileType = sourcecode.c.h; path = TLBCollectionListViewCell.h; sourceTree = "<group>"; };
		6EBC3C9C1ABA8C37002032B2 /* TLBCollectionListViewCell.m */ = {isa = PBXFileReference; fileEncoding = 4; lastKnownFileType = sourcecode.c.objc; path = TLBCollectionListViewCell.m; sourceTree = "<group>"; };
		6EBC3C9F1ABA8C37002032B2 /* TLBThumbnailTableCell.h */ = {isa = PBXFileReference; fileEncoding = 4; lastKnownFileType = sourcecode.c.h; path = TLBThumbnailTableCell.h; sourceTree = "<group>"; };
		6EBC3CA01ABA8C37002032B2 /* TLBThumbnailTableCell.m */ = {isa = PBXFileReference; fileEncoding = 4; lastKnownFileType = sourcecode.c.objc; path = TLBThumbnailTableCell.m; sourceTree = "<group>"; };
		6EBC3CA11ABA8C37002032B2 /* TLBThumbnailTableCell.xib */ = {isa = PBXFileReference; fileEncoding = 4; lastKnownFileType = file.xib; path = TLBThumbnailTableCell.xib; sourceTree = "<group>"; };
		6EBC3CA41ABA8C37002032B2 /* TLBCollectionViewCellBigView.h */ = {isa = PBXFileReference; fileEncoding = 4; lastKnownFileType = sourcecode.c.h; path = TLBCollectionViewCellBigView.h; sourceTree = "<group>"; };
		6EBC3CA51ABA8C37002032B2 /* TLBCollectionViewCellBigView.m */ = {isa = PBXFileReference; fileEncoding = 4; lastKnownFileType = sourcecode.c.objc; path = TLBCollectionViewCellBigView.m; sourceTree = "<group>"; };
		6EBC3CA61ABA8C37002032B2 /* TLBCollectionViewCellBigView.xib */ = {isa = PBXFileReference; fileEncoding = 4; lastKnownFileType = file.xib; path = TLBCollectionViewCellBigView.xib; sourceTree = "<group>"; };
		6EBC3CA71ABA8C37002032B2 /* TLBCollectionViewCellMiniView.h */ = {isa = PBXFileReference; fileEncoding = 4; lastKnownFileType = sourcecode.c.h; path = TLBCollectionViewCellMiniView.h; sourceTree = "<group>"; };
		6EBC3CA81ABA8C37002032B2 /* TLBCollectionViewCellMiniView.m */ = {isa = PBXFileReference; fileEncoding = 4; lastKnownFileType = sourcecode.c.objc; path = TLBCollectionViewCellMiniView.m; sourceTree = "<group>"; };
		6EBC3CA91ABA8C37002032B2 /* TLBCollectionViewCellMiniView.xib */ = {isa = PBXFileReference; fileEncoding = 4; lastKnownFileType = file.xib; path = TLBCollectionViewCellMiniView.xib; sourceTree = "<group>"; };
		6EBC3CAA1ABA8C37002032B2 /* TLBOnlyPageView.h */ = {isa = PBXFileReference; fileEncoding = 4; lastKnownFileType = sourcecode.c.h; path = TLBOnlyPageView.h; sourceTree = "<group>"; };
		6EBC3CAB1ABA8C37002032B2 /* TLBOnlyPageView.m */ = {isa = PBXFileReference; fileEncoding = 4; lastKnownFileType = sourcecode.c.objc; path = TLBOnlyPageView.m; sourceTree = "<group>"; };
		6EBC3CBF1ABA8C49002032B2 /* TabSearch.storyboard */ = {isa = PBXFileReference; fileEncoding = 4; lastKnownFileType = file.storyboard; path = TabSearch.storyboard; sourceTree = "<group>"; };
		6EBC3CC41ABA8CAE002032B2 /* Images.xcassets */ = {isa = PBXFileReference; lastKnownFileType = folder.assetcatalog; path = Images.xcassets; sourceTree = "<group>"; };
		6EBC3CC61ABA8CAE002032B2 /* alcohol.plist */ = {isa = PBXFileReference; fileEncoding = 4; lastKnownFileType = text.plist.xml; path = alcohol.plist; sourceTree = "<group>"; };
		6EBC3CC71ABA8CAE002032B2 /* annualIncome.plist */ = {isa = PBXFileReference; fileEncoding = 4; lastKnownFileType = text.plist.xml; path = annualIncome.plist; sourceTree = "<group>"; };
		6EBC3CC81ABA8CAE002032B2 /* bloodType.plist */ = {isa = PBXFileReference; fileEncoding = 4; lastKnownFileType = text.plist.xml; path = bloodType.plist; sourceTree = "<group>"; };
		6EBC3CC91ABA8CAE002032B2 /* bodyType.plist */ = {isa = PBXFileReference; fileEncoding = 4; lastKnownFileType = text.plist.xml; path = bodyType.plist; sourceTree = "<group>"; };
		6EBC3CCA1ABA8CAE002032B2 /* charm.plist */ = {isa = PBXFileReference; fileEncoding = 4; lastKnownFileType = text.plist.xml; path = charm.plist; sourceTree = "<group>"; };
		6EBC3CCB1ABA8CAE002032B2 /* children.plist */ = {isa = PBXFileReference; fileEncoding = 4; lastKnownFileType = text.plist.xml; path = children.plist; sourceTree = "<group>"; };
		6EBC3CCC1ABA8CAE002032B2 /* dateCost.plist */ = {isa = PBXFileReference; fileEncoding = 4; lastKnownFileType = text.plist.xml; path = dateCost.plist; sourceTree = "<group>"; };
		6EBC3CCD1ABA8CAE002032B2 /* education.plist */ = {isa = PBXFileReference; fileEncoding = 4; lastKnownFileType = text.plist.xml; path = education.plist; sourceTree = "<group>"; };
		6EBC3CCE1ABA8CAE002032B2 /* educationStatus.plist */ = {isa = PBXFileReference; fileEncoding = 4; lastKnownFileType = text.plist.xml; path = educationStatus.plist; sourceTree = "<group>"; };
		6EBC3CCF1ABA8CAE002032B2 /* encounter.plist */ = {isa = PBXFileReference; fileEncoding = 4; lastKnownFileType = text.plist.xml; path = encounter.plist; sourceTree = "<group>"; };
		6EBC3CD01ABA8CAE002032B2 /* encounterPair.plist */ = {isa = PBXFileReference; fileEncoding = 4; lastKnownFileType = text.plist.xml; path = encounterPair.plist; sourceTree = "<group>"; };
		6EBC3CD11ABA8CAE002032B2 /* gender.plist */ = {isa = PBXFileReference; fileEncoding = 4; lastKnownFileType = text.plist.xml; path = gender.plist; sourceTree = "<group>"; };
		6EBC3CD21ABA8CAE002032B2 /* holiday.plist */ = {isa = PBXFileReference; fileEncoding = 4; lastKnownFileType = text.plist.xml; path = holiday.plist; sourceTree = "<group>"; };
		6EBC3CD31ABA8CAE002032B2 /* housemate.plist */ = {isa = PBXFileReference; fileEncoding = 4; lastKnownFileType = text.plist.xml; path = housemate.plist; sourceTree = "<group>"; };
		6EBC3CD41ABA8CAE002032B2 /* job.plist */ = {isa = PBXFileReference; fileEncoding = 4; lastKnownFileType = text.plist.xml; path = job.plist; sourceTree = "<group>"; };
		6EBC3CD51ABA8CAE002032B2 /* loginStatus.plist */ = {isa = PBXFileReference; fileEncoding = 4; lastKnownFileType = text.plist.xml; path = loginStatus.plist; sourceTree = "<group>"; };
		6EBC3CD61ABA8CAE002032B2 /* maritalHistory.plist */ = {isa = PBXFileReference; fileEncoding = 4; lastKnownFileType = text.plist.xml; path = maritalHistory.plist; sourceTree = "<group>"; };
		6EBC3CD71ABA8CAE002032B2 /* marriageTime.plist */ = {isa = PBXFileReference; fileEncoding = 4; lastKnownFileType = text.plist.xml; path = marriageTime.plist; sourceTree = "<group>"; };
		6EBC3CD81ABA8CAE002032B2 /* personality.plist */ = {isa = PBXFileReference; fileEncoding = 4; lastKnownFileType = text.plist.xml; path = personality.plist; sourceTree = "<group>"; };
		6EBC3CD91ABA8CAE002032B2 /* prefecture.plist */ = {isa = PBXFileReference; fileEncoding = 4; lastKnownFileType = text.plist.xml; path = prefecture.plist; sourceTree = "<group>"; };
		6EBC3CDA1ABA8CAE002032B2 /* rerationship.plist */ = {isa = PBXFileReference; fileEncoding = 4; lastKnownFileType = text.plist.xml; path = rerationship.plist; sourceTree = "<group>"; };
		6EBC3CDB1ABA8CAE002032B2 /* SelfIntroduction.plist */ = {isa = PBXFileReference; fileEncoding = 4; lastKnownFileType = text.plist.xml; path = SelfIntroduction.plist; sourceTree = "<group>"; };
		6EBC3CDC1ABA8CAE002032B2 /* selfIntroductionKeepButton.plist */ = {isa = PBXFileReference; fileEncoding = 4; lastKnownFileType = text.plist.xml; path = selfIntroductionKeepButton.plist; sourceTree = "<group>"; };
		6EBC3CDD1ABA8CAE002032B2 /* sibling.plist */ = {isa = PBXFileReference; fileEncoding = 4; lastKnownFileType = text.plist.xml; path = sibling.plist; sourceTree = "<group>"; };
		6EBC3CDE1ABA8CAE002032B2 /* smoking.plist */ = {isa = PBXFileReference; fileEncoding = 4; lastKnownFileType = text.plist.xml; path = smoking.plist; sourceTree = "<group>"; };
		6EBC3CDF1ABA8CAE002032B2 /* sociability.plist */ = {isa = PBXFileReference; fileEncoding = 4; lastKnownFileType = text.plist.xml; path = sociability.plist; sourceTree = "<group>"; };
		6EBC3CE01ABA8CAE002032B2 /* topPriority.plist */ = {isa = PBXFileReference; fileEncoding = 4; lastKnownFileType = text.plist.xml; path = topPriority.plist; sourceTree = "<group>"; };
		6EBC3CE11ABA8CAE002032B2 /* violationCode.plist */ = {isa = PBXFileReference; fileEncoding = 4; lastKnownFileType = text.plist.xml; path = violationCode.plist; sourceTree = "<group>"; };
		6EBC3CE21ABA8CAE002032B2 /* violationPoint.plist */ = {isa = PBXFileReference; fileEncoding = 4; lastKnownFileType = text.plist.xml; path = violationPoint.plist; sourceTree = "<group>"; };
/* End PBXFileReference section */

/* Begin PBXFrameworksBuildPhase section */
		6EBC3C221ABA7946002032B2 /* Frameworks */ = {
			isa = PBXFrameworksBuildPhase;
			buildActionMask = 2147483647;
			files = (
			);
			runOnlyForDeploymentPostprocessing = 0;
		};
		6EBC3C3B1ABA7946002032B2 /* Frameworks */ = {
			isa = PBXFrameworksBuildPhase;
			buildActionMask = 2147483647;
			files = (
			);
			runOnlyForDeploymentPostprocessing = 0;
		};
/* End PBXFrameworksBuildPhase section */

/* Begin PBXGroup section */
		6EBC3C1C1ABA7945002032B2 = {
			isa = PBXGroup;
			children = (
				6EBC3C271ABA7946002032B2 /* PhotoTableView */,
				6EBC3C411ABA7946002032B2 /* PhotoTableViewTests */,
				6EBC3C261ABA7946002032B2 /* Products */,
			);
			sourceTree = "<group>";
		};
		6EBC3C261ABA7946002032B2 /* Products */ = {
			isa = PBXGroup;
			children = (
				6EBC3C251ABA7946002032B2 /* PhotoTableView.app */,
				6EBC3C3E1ABA7946002032B2 /* PhotoTableViewTests.xctest */,
			);
			name = Products;
			sourceTree = "<group>";
		};
		6EBC3C271ABA7946002032B2 /* PhotoTableView */ = {
			isa = PBXGroup;
			children = (
				6EBC3C2C1ABA7946002032B2 /* AppDelegate.h */,
				6EBC3C2D1ABA7946002032B2 /* AppDelegate.m */,
				6EBC3C711ABA8C37002032B2 /* Classes */,
				6EBC3CBE1ABA8C49002032B2 /* Storyboards */,
				6EBC3CC31ABA8CAE002032B2 /* Resources */,
				6EBC3C281ABA7946002032B2 /* Supporting Files */,
			);
			path = PhotoTableView;
			sourceTree = "<group>";
		};
		6EBC3C281ABA7946002032B2 /* Supporting Files */ = {
			isa = PBXGroup;
			children = (
				6EBC3C291ABA7946002032B2 /* Info.plist */,
				6EBC3C2A1ABA7946002032B2 /* main.m */,
			);
			name = "Supporting Files";
			sourceTree = "<group>";
		};
		6EBC3C411ABA7946002032B2 /* PhotoTableViewTests */ = {
			isa = PBXGroup;
			children = (
				6EBC3C441ABA7946002032B2 /* PhotoTableViewTests.m */,
				6EBC3C421ABA7946002032B2 /* Supporting Files */,
			);
			path = PhotoTableViewTests;
			sourceTree = "<group>";
		};
		6EBC3C421ABA7946002032B2 /* Supporting Files */ = {
			isa = PBXGroup;
			children = (
				6EBC3C431ABA7946002032B2 /* Info.plist */,
			);
			name = "Supporting Files";
			sourceTree = "<group>";
		};
		6EBC3C711ABA8C37002032B2 /* Classes */ = {
			isa = PBXGroup;
			children = (
				6EBC3C721ABA8C37002032B2 /* Const */,
				6EBC3C741ABA8C37002032B2 /* Controllers */,
				6EBC3C991ABA8C37002032B2 /* Views */,
			);
			path = Classes;
			sourceTree = "<group>";
		};
		6EBC3C721ABA8C37002032B2 /* Const */ = {
			isa = PBXGroup;
			children = (
				6EBC3C731ABA8C37002032B2 /* TLBTableViewConst.h */,
			);
			path = Const;
			sourceTree = "<group>";
		};
		6EBC3C741ABA8C37002032B2 /* Controllers */ = {
			isa = PBXGroup;
			children = (
				6EBC3C751ABA8C37002032B2 /* Common */,
				6EBC3C841ABA8C37002032B2 /* TabSearch */,
				6EBC3C891ABA8C37002032B2 /* TLBView */,
			);
			path = Controllers;
			sourceTree = "<group>";
		};
		6EBC3C751ABA8C37002032B2 /* Common */ = {
			isa = PBXGroup;
			children = (
				6EBC3C781ABA8C37002032B2 /* TableView */,
				6EBC3C7C1ABA8C37002032B2 /* TLBNavigationController.h */,
				6EBC3C7D1ABA8C37002032B2 /* TLBNavigationController.m */,
				6EBC3C7E1ABA8C37002032B2 /* TLBSelectValueViewController.h */,
				6EBC3C7F1ABA8C37002032B2 /* TLBSelectValueViewController.m */,
				6EBC3C801ABA8C37002032B2 /* TLBViewController.h */,
				6EBC3C811ABA8C37002032B2 /* TLBViewController.m */,
			);
			path = Common;
			sourceTree = "<group>";
		};
		6EBC3C781ABA8C37002032B2 /* TableView */ = {
			isa = PBXGroup;
			children = (
				6EBC3C791ABA8C37002032B2 /* TLBOnlyContainerViewController.h */,
				6EBC3C7A1ABA8C37002032B2 /* TLBOnlyContainerViewController.m */,
				6EBC3C7B1ABA8C37002032B2 /* TLBOnlyContainerViewController.xib */,
			);
			path = TableView;
			sourceTree = "<group>";
		};
		6EBC3C841ABA8C37002032B2 /* TabSearch */ = {
			isa = PBXGroup;
			children = (
				6EBC3C851ABA8C37002032B2 /* TLBCollectionListViewController.h */,
				6EBC3C861ABA8C37002032B2 /* TLBCollectionListViewController.m */,
				6EBC3C871ABA8C37002032B2 /* TLBSearchViewController.h */,
				6EBC3C881ABA8C37002032B2 /* TLBSearchViewController.m */,
			);
			path = TabSearch;
			sourceTree = "<group>";
		};
		6EBC3C891ABA8C37002032B2 /* TLBView */ = {
			isa = PBXGroup;
			children = (
				6EBC3C8A1ABA8C37002032B2 /* TLBSearchListBaseViewController.h */,
				6EBC3C8B1ABA8C37002032B2 /* TLBSearchListBaseViewController.m */,
			);
			path = TLBView;
			sourceTree = "<group>";
		};
		6EBC3C991ABA8C37002032B2 /* Views */ = {
			isa = PBXGroup;
			children = (
				6EBC3C9A1ABA8C37002032B2 /* CollectionViewCells */,
				6EBC3C9E1ABA8C37002032B2 /* TableViewCells */,
				6EBC3CA31ABA8C37002032B2 /* UIView */,
			);
			path = Views;
			sourceTree = "<group>";
		};
		6EBC3C9A1ABA8C37002032B2 /* CollectionViewCells */ = {
			isa = PBXGroup;
			children = (
				6EBC3C9B1ABA8C37002032B2 /* TLBCollectionListViewCell.h */,
				6EBC3C9C1ABA8C37002032B2 /* TLBCollectionListViewCell.m */,
			);
			path = CollectionViewCells;
			sourceTree = "<group>";
		};
		6EBC3C9E1ABA8C37002032B2 /* TableViewCells */ = {
			isa = PBXGroup;
			children = (
				6EBC3C9F1ABA8C37002032B2 /* TLBThumbnailTableCell.h */,
				6EBC3CA01ABA8C37002032B2 /* TLBThumbnailTableCell.m */,
				6EBC3CA11ABA8C37002032B2 /* TLBThumbnailTableCell.xib */,
			);
			path = TableViewCells;
			sourceTree = "<group>";
		};
		6EBC3CA31ABA8C37002032B2 /* UIView */ = {
			isa = PBXGroup;
			children = (
				6EBC3CA41ABA8C37002032B2 /* TLBCollectionViewCellBigView.h */,
				6EBC3CA51ABA8C37002032B2 /* TLBCollectionViewCellBigView.m */,
				6EBC3CA61ABA8C37002032B2 /* TLBCollectionViewCellBigView.xib */,
				6EBC3CA71ABA8C37002032B2 /* TLBCollectionViewCellMiniView.h */,
				6EBC3CA81ABA8C37002032B2 /* TLBCollectionViewCellMiniView.m */,
				6EBC3CA91ABA8C37002032B2 /* TLBCollectionViewCellMiniView.xib */,
				6EBC3CAA1ABA8C37002032B2 /* TLBOnlyPageView.h */,
				6EBC3CAB1ABA8C37002032B2 /* TLBOnlyPageView.m */,
			);
			path = UIView;
			sourceTree = "<group>";
		};
		6EBC3CBE1ABA8C49002032B2 /* Storyboards */ = {
			isa = PBXGroup;
			children = (
				6EBC3CBF1ABA8C49002032B2 /* TabSearch.storyboard */,
			);
			path = Storyboards;
			sourceTree = "<group>";
		};
		6EBC3CC31ABA8CAE002032B2 /* Resources */ = {
			isa = PBXGroup;
			children = (
				6EBC3CC41ABA8CAE002032B2 /* Images.xcassets */,
				6EBC3CC51ABA8CAE002032B2 /* plist */,
			);
			path = Resources;
			sourceTree = "<group>";
		};
		6EBC3CC51ABA8CAE002032B2 /* plist */ = {
			isa = PBXGroup;
			children = (
				6EBC3CC61ABA8CAE002032B2 /* alcohol.plist */,
				6EBC3CC71ABA8CAE002032B2 /* annualIncome.plist */,
				6EBC3CC81ABA8CAE002032B2 /* bloodType.plist */,
				6EBC3CC91ABA8CAE002032B2 /* bodyType.plist */,
				6EBC3CCA1ABA8CAE002032B2 /* charm.plist */,
				6EBC3CCB1ABA8CAE002032B2 /* children.plist */,
				6EBC3CCC1ABA8CAE002032B2 /* dateCost.plist */,
				6EBC3CCD1ABA8CAE002032B2 /* education.plist */,
				6EBC3CCE1ABA8CAE002032B2 /* educationStatus.plist */,
				6EBC3CCF1ABA8CAE002032B2 /* encounter.plist */,
				6EBC3CD01ABA8CAE002032B2 /* encounterPair.plist */,
				6EBC3CD11ABA8CAE002032B2 /* gender.plist */,
				6EBC3CD21ABA8CAE002032B2 /* holiday.plist */,
				6EBC3CD31ABA8CAE002032B2 /* housemate.plist */,
				6EBC3CD41ABA8CAE002032B2 /* job.plist */,
				6EBC3CD51ABA8CAE002032B2 /* loginStatus.plist */,
				6EBC3CD61ABA8CAE002032B2 /* maritalHistory.plist */,
				6EBC3CD71ABA8CAE002032B2 /* marriageTime.plist */,
				6EBC3CD81ABA8CAE002032B2 /* personality.plist */,
				6EBC3CD91ABA8CAE002032B2 /* prefecture.plist */,
				6EBC3CDA1ABA8CAE002032B2 /* rerationship.plist */,
				6EBC3CDB1ABA8CAE002032B2 /* SelfIntroduction.plist */,
				6EBC3CDC1ABA8CAE002032B2 /* selfIntroductionKeepButton.plist */,
				6EBC3CDD1ABA8CAE002032B2 /* sibling.plist */,
				6EBC3CDE1ABA8CAE002032B2 /* smoking.plist */,
				6EBC3CDF1ABA8CAE002032B2 /* sociability.plist */,
				6EBC3CE01ABA8CAE002032B2 /* topPriority.plist */,
				6EBC3CE11ABA8CAE002032B2 /* violationCode.plist */,
				6EBC3CE21ABA8CAE002032B2 /* violationPoint.plist */,
			);
			path = plist;
			sourceTree = "<group>";
		};
/* End PBXGroup section */

/* Begin PBXNativeTarget section */
		6EBC3C241ABA7946002032B2 /* PhotoTableView */ = {
			isa = PBXNativeTarget;
			buildConfigurationList = 6EBC3C481ABA7946002032B2 /* Build configuration list for PBXNativeTarget "PhotoTableView" */;
			buildPhases = (
				6EBC3C211ABA7946002032B2 /* Sources */,
				6EBC3C221ABA7946002032B2 /* Frameworks */,
				6EBC3C231ABA7946002032B2 /* Resources */,
			);
			buildRules = (
			);
			dependencies = (
			);
			name = PhotoTableView;
			productName = PhotoTableView;
			productReference = 6EBC3C251ABA7946002032B2 /* PhotoTableView.app */;
			productType = "com.apple.product-type.application";
		};
		6EBC3C3D1ABA7946002032B2 /* PhotoTableViewTests */ = {
			isa = PBXNativeTarget;
			buildConfigurationList = 6EBC3C4B1ABA7946002032B2 /* Build configuration list for PBXNativeTarget "PhotoTableViewTests" */;
			buildPhases = (
				6EBC3C3A1ABA7946002032B2 /* Sources */,
				6EBC3C3B1ABA7946002032B2 /* Frameworks */,
				6EBC3C3C1ABA7946002032B2 /* Resources */,
			);
			buildRules = (
			);
			dependencies = (
				6EBC3C401ABA7946002032B2 /* PBXTargetDependency */,
			);
			name = PhotoTableViewTests;
			productName = PhotoTableViewTests;
			productReference = 6EBC3C3E1ABA7946002032B2 /* PhotoTableViewTests.xctest */;
			productType = "com.apple.product-type.bundle.unit-test";
		};
/* End PBXNativeTarget section */

/* Begin PBXProject section */
		6EBC3C1D1ABA7946002032B2 /* Project object */ = {
			isa = PBXProject;
			attributes = {
				LastUpgradeCheck = 0610;
				ORGANIZATIONNAME = "Mizogaki Masahito";
				TargetAttributes = {
					6EBC3C241ABA7946002032B2 = {
						CreatedOnToolsVersion = 6.1.1;
					};
					6EBC3C3D1ABA7946002032B2 = {
						CreatedOnToolsVersion = 6.1.1;
						TestTargetID = 6EBC3C241ABA7946002032B2;
					};
				};
			};
			buildConfigurationList = 6EBC3C201ABA7946002032B2 /* Build configuration list for PBXProject "PhotoTableView" */;
			compatibilityVersion = "Xcode 3.2";
			developmentRegion = English;
			hasScannedForEncodings = 0;
			knownRegions = (
				en,
				Base,
			);
			mainGroup = 6EBC3C1C1ABA7945002032B2;
			productRefGroup = 6EBC3C261ABA7946002032B2 /* Products */;
			projectDirPath = "";
			projectRoot = "";
			targets = (
				6EBC3C241ABA7946002032B2 /* PhotoTableView */,
				6EBC3C3D1ABA7946002032B2 /* PhotoTableViewTests */,
			);
		};
/* End PBXProject section */

/* Begin PBXResourcesBuildPhase section */
		6EBC3C231ABA7946002032B2 /* Resources */ = {
			isa = PBXResourcesBuildPhase;
			buildActionMask = 2147483647;
			files = (
				6EBC3CFE1ABA8CAE002032B2 /* topPriority.plist in Resources */,
				6EBC3CF81ABA8CAE002032B2 /* rerationship.plist in Resources */,
				6EBC3CF91ABA8CAE002032B2 /* SelfIntroduction.plist in Resources */,
				6EBC3CB81ABA8C37002032B2 /* TLBThumbnailTableCell.xib in Resources */,
				6EBC3CE41ABA8CAE002032B2 /* alcohol.plist in Resources */,
				6EBC3CBC1ABA8C37002032B2 /* TLBCollectionViewCellMiniView.xib in Resources */,
				6EBC3CFD1ABA8CAE002032B2 /* sociability.plist in Resources */,
				6EBC3CED1ABA8CAE002032B2 /* encounter.plist in Resources */,
				6EBC3CE71ABA8CAE002032B2 /* bodyType.plist in Resources */,
				6EBC3CFB1ABA8CAE002032B2 /* sibling.plist in Resources */,
				6EBC3CE61ABA8CAE002032B2 /* bloodType.plist in Resources */,
				6EBC3CEA1ABA8CAE002032B2 /* dateCost.plist in Resources */,
				6EBC3CF61ABA8CAE002032B2 /* personality.plist in Resources */,
				6EBC3CEB1ABA8CAE002032B2 /* education.plist in Resources */,
				6EBC3CE31ABA8CAE002032B2 /* Images.xcassets in Resources */,
				6EBC3CFA1ABA8CAE002032B2 /* selfIntroductionKeepButton.plist in Resources */,
				6EBC3CC01ABA8C49002032B2 /* TabSearch.storyboard in Resources */,
				6EBC3CF41ABA8CAE002032B2 /* maritalHistory.plist in Resources */,
				6EBC3CF71ABA8CAE002032B2 /* prefecture.plist in Resources */,
				6EBC3CBA1ABA8C37002032B2 /* TLBCollectionViewCellBigView.xib in Resources */,
				6EBC3CE81ABA8CAE002032B2 /* charm.plist in Resources */,
				6EBC3CEF1ABA8CAE002032B2 /* gender.plist in Resources */,
				6EBC3CF51ABA8CAE002032B2 /* marriageTime.plist in Resources */,
				6EBC3CEE1ABA8CAE002032B2 /* encounterPair.plist in Resources */,
				6EBC3CF31ABA8CAE002032B2 /* loginStatus.plist in Resources */,
				6EBC3CE91ABA8CAE002032B2 /* children.plist in Resources */,
				6EBC3CAD1ABA8C37002032B2 /* TLBOnlyContainerViewController.xib in Resources */,
				6EBC3CF01ABA8CAE002032B2 /* holiday.plist in Resources */,
				6EBC3CFF1ABA8CAE002032B2 /* violationCode.plist in Resources */,
				6EBC3CF11ABA8CAE002032B2 /* housemate.plist in Resources */,
				6EBC3CE51ABA8CAE002032B2 /* annualIncome.plist in Resources */,
				6EBC3CF21ABA8CAE002032B2 /* job.plist in Resources */,
				6EBC3D001ABA8CAE002032B2 /* violationPoint.plist in Resources */,
				6EBC3CEC1ABA8CAE002032B2 /* educationStatus.plist in Resources */,
				6EBC3CFC1ABA8CAE002032B2 /* smoking.plist in Resources */,
			);
			runOnlyForDeploymentPostprocessing = 0;
		};
		6EBC3C3C1ABA7946002032B2 /* Resources */ = {
			isa = PBXResourcesBuildPhase;
			buildActionMask = 2147483647;
			files = (
			);
			runOnlyForDeploymentPostprocessing = 0;
		};
/* End PBXResourcesBuildPhase section */

/* Begin PBXSourcesBuildPhase section */
		6EBC3C211ABA7946002032B2 /* Sources */ = {
			isa = PBXSourcesBuildPhase;
			buildActionMask = 2147483647;
			files = (
				6EBC3CBB1ABA8C37002032B2 /* TLBCollectionViewCellMiniView.m in Sources */,
				6EBC3CB71ABA8C37002032B2 /* TLBThumbnailTableCell.m in Sources */,
				6EBC3C2E1ABA7946002032B2 /* AppDelegate.m in Sources */,
				6EBC3CB01ABA8C37002032B2 /* TLBViewController.m in Sources */,
				6EBC3CB91ABA8C37002032B2 /* TLBCollectionViewCellBigView.m in Sources */,
				6EBC3CB11ABA8C37002032B2 /* TLBCollectionListViewController.m in Sources */,
				6EBC3CBD1ABA8C37002032B2 /* TLBOnlyPageView.m in Sources */,
				6EBC3CB21ABA8C37002032B2 /* TLBSearchViewController.m in Sources */,
				6EBC3CB31ABA8C37002032B2 /* TLBSearchListBaseViewController.m in Sources */,
				6EBC3C2B1ABA7946002032B2 /* main.m in Sources */,
				6EBC3CAE1ABA8C37002032B2 /* TLBNavigationController.m in Sources */,
				6EBC3CAC1ABA8C37002032B2 /* TLBOnlyContainerViewController.m in Sources */,
				6EBC3CAF1ABA8C37002032B2 /* TLBSelectValueViewController.m in Sources */,
				6EBC3CB61ABA8C37002032B2 /* TLBCollectionListViewCell.m in Sources */,
			);
			runOnlyForDeploymentPostprocessing = 0;
		};
		6EBC3C3A1ABA7946002032B2 /* Sources */ = {
			isa = PBXSourcesBuildPhase;
			buildActionMask = 2147483647;
			files = (
				6EBC3C451ABA7946002032B2 /* PhotoTableViewTests.m in Sources */,
			);
			runOnlyForDeploymentPostprocessing = 0;
		};
/* End PBXSourcesBuildPhase section */

/* Begin PBXTargetDependency section */
		6EBC3C401ABA7946002032B2 /* PBXTargetDependency */ = {
			isa = PBXTargetDependency;
			target = 6EBC3C241ABA7946002032B2 /* PhotoTableView */;
			targetProxy = 6EBC3C3F1ABA7946002032B2 /* PBXContainerItemProxy */;
		};
/* End PBXTargetDependency section */

/* Begin XCBuildConfiguration section */
		6EBC3C461ABA7946002032B2 /* Debug */ = {
			isa = XCBuildConfiguration;
			buildSettings = {
				ALWAYS_SEARCH_USER_PATHS = NO;
				CLANG_CXX_LANGUAGE_STANDARD = "gnu++0x";
				CLANG_CXX_LIBRARY = "libc++";
				CLANG_ENABLE_MODULES = YES;
				CLANG_ENABLE_OBJC_ARC = YES;
				CLANG_WARN_BOOL_CONVERSION = YES;
				CLANG_WARN_CONSTANT_CONVERSION = YES;
				CLANG_WARN_DIRECT_OBJC_ISA_USAGE = YES_ERROR;
				CLANG_WARN_EMPTY_BODY = YES;
				CLANG_WARN_ENUM_CONVERSION = YES;
				CLANG_WARN_INT_CONVERSION = YES;
				CLANG_WARN_OBJC_ROOT_CLASS = YES_ERROR;
				CLANG_WARN_UNREACHABLE_CODE = YES;
				CLANG_WARN__DUPLICATE_METHOD_MATCH = YES;
				"CODE_SIGN_IDENTITY[sdk=iphoneos*]" = "iPhone Developer";
				COPY_PHASE_STRIP = NO;
				ENABLE_STRICT_OBJC_MSGSEND = YES;
				GCC_C_LANGUAGE_STANDARD = gnu99;
				GCC_DYNAMIC_NO_PIC = NO;
				GCC_OPTIMIZATION_LEVEL = 0;
				GCC_PREPROCESSOR_DEFINITIONS = (
					"DEBUG=1",
					"$(inherited)",
				);
				GCC_SYMBOLS_PRIVATE_EXTERN = NO;
				GCC_WARN_64_TO_32_BIT_CONVERSION = YES;
				GCC_WARN_ABOUT_RETURN_TYPE = YES_ERROR;
				GCC_WARN_UNDECLARED_SELECTOR = YES;
				GCC_WARN_UNINITIALIZED_AUTOS = YES_AGGRESSIVE;
				GCC_WARN_UNUSED_FUNCTION = YES;
				GCC_WARN_UNUSED_VARIABLE = YES;
				IPHONEOS_DEPLOYMENT_TARGET = 8.1;
				MTL_ENABLE_DEBUG_INFO = YES;
				ONLY_ACTIVE_ARCH = YES;
				SDKROOT = iphoneos;
			};
			name = Debug;
		};
		6EBC3C471ABA7946002032B2 /* Release */ = {
			isa = XCBuildConfiguration;
			buildSettings = {
				ALWAYS_SEARCH_USER_PATHS = NO;
				CLANG_CXX_LANGUAGE_STANDARD = "gnu++0x";
				CLANG_CXX_LIBRARY = "libc++";
				CLANG_ENABLE_MODULES = YES;
				CLANG_ENABLE_OBJC_ARC = YES;
				CLANG_WARN_BOOL_CONVERSION = YES;
				CLANG_WARN_CONSTANT_CONVERSION = YES;
				CLANG_WARN_DIRECT_OBJC_ISA_USAGE = YES_ERROR;
				CLANG_WARN_EMPTY_BODY = YES;
				CLANG_WARN_ENUM_CONVERSION = YES;
				CLANG_WARN_INT_CONVERSION = YES;
				CLANG_WARN_OBJC_ROOT_CLASS = YES_ERROR;
				CLANG_WARN_UNREACHABLE_CODE = YES;
				CLANG_WARN__DUPLICATE_METHOD_MATCH = YES;
				"CODE_SIGN_IDENTITY[sdk=iphoneos*]" = "iPhone Developer";
				COPY_PHASE_STRIP = YES;
				ENABLE_NS_ASSERTIONS = NO;
				ENABLE_STRICT_OBJC_MSGSEND = YES;
				GCC_C_LANGUAGE_STANDARD = gnu99;
				GCC_WARN_64_TO_32_BIT_CONVERSION = YES;
				GCC_WARN_ABOUT_RETURN_TYPE = YES_ERROR;
				GCC_WARN_UNDECLARED_SELECTOR = YES;
				GCC_WARN_UNINITIALIZED_AUTOS = YES_AGGRESSIVE;
				GCC_WARN_UNUSED_FUNCTION = YES;
				GCC_WARN_UNUSED_VARIABLE = YES;
				IPHONEOS_DEPLOYMENT_TARGET = 8.1;
				MTL_ENABLE_DEBUG_INFO = NO;
				SDKROOT = iphoneos;
				VALIDATE_PRODUCT = YES;
			};
			name = Release;
		};
		6EBC3C491ABA7946002032B2 /* Debug */ = {
			isa = XCBuildConfiguration;
			buildSettings = {
				ASSETCATALOG_COMPILER_APPICON_NAME = AppIcon;
				INFOPLIST_FILE = PhotoTableView/Info.plist;
				LD_RUNPATH_SEARCH_PATHS = "$(inherited) @executable_path/Frameworks";
				PRODUCT_NAME = "$(TARGET_NAME)";
			};
			name = Debug;
		};
		6EBC3C4A1ABA7946002032B2 /* Release */ = {
			isa = XCBuildConfiguration;
			buildSettings = {
				ASSETCATALOG_COMPILER_APPICON_NAME = AppIcon;
				INFOPLIST_FILE = PhotoTableView/Info.plist;
				LD_RUNPATH_SEARCH_PATHS = "$(inherited) @executable_path/Frameworks";
				PRODUCT_NAME = "$(TARGET_NAME)";
			};
			name = Release;
		};
		6EBC3C4C1ABA7946002032B2 /* Debug */ = {
			isa = XCBuildConfiguration;
			buildSettings = {
				BUNDLE_LOADER = "$(TEST_HOST)";
				FRAMEWORK_SEARCH_PATHS = (
					"$(SDKROOT)/Developer/Library/Frameworks",
					"$(inherited)",
				);
				GCC_PREPROCESSOR_DEFINITIONS = (
					"DEBUG=1",
					"$(inherited)",
				);
				INFOPLIST_FILE = PhotoTableViewTests/Info.plist;
				LD_RUNPATH_SEARCH_PATHS = "$(inherited) @executable_path/Frameworks @loader_path/Frameworks";
				PRODUCT_NAME = "$(TARGET_NAME)";
				TEST_HOST = "$(BUILT_PRODUCTS_DIR)/PhotoTableView.app/PhotoTableView";
			};
			name = Debug;
		};
		6EBC3C4D1ABA7946002032B2 /* Release */ = {
			isa = XCBuildConfiguration;
			buildSettings = {
				BUNDLE_LOADER = "$(TEST_HOST)";
				FRAMEWORK_SEARCH_PATHS = (
					"$(SDKROOT)/Developer/Library/Frameworks",
					"$(inherited)",
				);
				INFOPLIST_FILE = PhotoTableViewTests/Info.plist;
				LD_RUNPATH_SEARCH_PATHS = "$(inherited) @executable_path/Frameworks @loader_path/Frameworks";
				PRODUCT_NAME = "$(TARGET_NAME)";
				TEST_HOST = "$(BUILT_PRODUCTS_DIR)/PhotoTableView.app/PhotoTableView";
			};
			name = Release;
		};
/* End XCBuildConfiguration section */

/* Begin XCConfigurationList section */
		6EBC3C201ABA7946002032B2 /* Build configuration list for PBXProject "PhotoTableView" */ = {
			isa = XCConfigurationList;
			buildConfigurations = (
				6EBC3C461ABA7946002032B2 /* Debug */,
				6EBC3C471ABA7946002032B2 /* Release */,
			);
			defaultConfigurationIsVisible = 0;
			defaultConfigurationName = Release;
		};
		6EBC3C481ABA7946002032B2 /* Build configuration list for PBXNativeTarget "PhotoTableView" */ = {
			isa = XCConfigurationList;
			buildConfigurations = (
				6EBC3C491ABA7946002032B2 /* Debug */,
				6EBC3C4A1ABA7946002032B2 /* Release */,
			);
			defaultConfigurationIsVisible = 0;
			defaultConfigurationName = Release;
		};
		6EBC3C4B1ABA7946002032B2 /* Build configuration list for PBXNativeTarget "PhotoTableViewTests" */ = {
			isa = XCConfigurationList;
			buildConfigurations = (
				6EBC3C4C1ABA7946002032B2 /* Debug */,
				6EBC3C4D1ABA7946002032B2 /* Release */,
			);
			defaultConfigurationIsVisible = 0;
			defaultConfigurationName = Release;
		};
/* End XCConfigurationList section */
	};
	rootObject = 6EBC3C1D1ABA7946002032B2 /* Project object */;
}
